
Microsoft Visual Studio Solution File, Format Version 12.00
# Visual Studio Version 17
VisualStudioVersion = 17.6.33723.286
MinimumVisualStudioVersion = 10.0.40219.1
Project("{FAE04EC0-301F-11D3-BF4B-00C04F79EFBC}") = "RegexTest", "RegexTest.csproj", "{CF687541-898B-42AE-9810-63B22D4ACF6F}"
EndProject
Global
	GlobalSection(SolutionConfigurationPlatforms) = preSolution
		Debug|Any CPU = Debug|Any CPU
		Release|Any CPU = Release|Any CPU
	EndGlobalSection
	GlobalSection(ProjectConfigurationPlatforms) = postSolution
		{CF687541-898B-42AE-9810-63B22D4ACF6F}.Debug|Any CPU.ActiveCfg = Debug|Any CPU
		{CF687541-898B-42AE-9810-63B22D4ACF6F}.Debug|Any CPU.Build.0 = Debug|Any CPU
		{CF687541-898B-42AE-9810-63B22D4ACF6F}.Release|Any CPU.ActiveCfg = Release|Any CPU
		{CF687541-898B-42AE-9810-63B22D4ACF6F}.Release|Any CPU.Build.0 = Release|Any CPU
	EndGlobalSection
	GlobalSection(SolutionProperties) = preSolution
		HideSolutionNode = FALSE
	EndGlobalSection
	GlobalSection(ExtensibilityGlobals) = postSolution
		SolutionGuid = {AB1F3964-832E-4732-9785-FA84B606B3C5}
	EndGlobalSection
EndGlobal
